
Microsoft Visual Studio Solution File, Format Version 12.00
# Visual Studio 15
VisualStudioVersion = 15.0.26730.16
MinimumVisualStudioVersion = 10.0.40219.1
Project("{2150E333-8FDC-42A3-9474-1A3956D46DE8}") = "Source", "Source", "{E49A6F02-D598-41CE-9EEB-42864E587ED3}"
EndProject
Project("{2150E333-8FDC-42A3-9474-1A3956D46DE8}") = "Tests", "Tests", "{B87785D9-89C5-438D-AF8E-078810A59B8D}"
EndProject
Project("{FAE04EC0-301F-11D3-BF4B-00C04F79EFBC}") = "RobotArm.Data", "Source\RobotArm.Data\RobotArm.Data.csproj", "{7BBB03CF-D2D6-46F6-9CE2-B13B34884D50}"
EndProject
Project("{2150E333-8FDC-42A3-9474-1A3956D46DE8}") = "Unit", "Unit", "{8C7979C1-4035-4530-BADC-25EB3CD76A40}"
EndProject
Project("{2150E333-8FDC-42A3-9474-1A3956D46DE8}") = "Integration", "Integration", "{DC72FCE5-4A42-4EAF-83A5-BA573254DEDF}"
EndProject
Project("{FAE04EC0-301F-11D3-BF4B-00C04F79EFBC}") = "RobotArm.Tests.DataIntegrationTests", "Tests\Integration\RobotArm.Tests.DataIntegrationTests\RobotArm.Tests.DataIntegrationTests.csproj", "{BBE3C6A7-78C1-45B7-925E-231D4C6BA63F}"
EndProject
Project("{2150E333-8FDC-42A3-9474-1A3956D46DE8}") = "Repositories", "Repositories", "{D6D43750-6B3B-48FC-BEFD-8473D5BC8A5C}"
EndProject
Project("{FAE04EC0-301F-11D3-BF4B-00C04F79EFBC}") = "RobotArm.RepositoriesInterfaces", "Source\RobotArm.RepositoriesInterfaces\RobotArm.RepositoriesInterfaces.csproj", "{09779F70-D31B-4A7E-A81C-B4E4BA7D4730}"
EndProject
Project("{FAE04EC0-301F-11D3-BF4B-00C04F79EFBC}") = "RobotArm.UserManagementRepositories", "Source\RobotArm.UserManagementRepositories\RobotArm.UserManagementRepositories.csproj", "{CC6EF329-1209-4979-BDDC-21EECF241B6E}"
EndProject
Project("{FAE04EC0-301F-11D3-BF4B-00C04F79EFBC}") = "RobotArm.Common", "Source\RobotArm.Common\RobotArm.Common.csproj", "{F38436E9-6E96-4E83-9F29-AF9FB5FE923C}"
EndProject
Project("{FAE04EC0-301F-11D3-BF4B-00C04F79EFBC}") = "RobotArm.CommonRepositories", "Source\RobotArm.CommonRepositories\RobotArm.CommonRepositories.csproj", "{16DC322F-BCEF-44A7-AAE9-861DA121A279}"
EndProject
Project("{2150E333-8FDC-42A3-9474-1A3956D46DE8}") = "Services", "Services", "{47F81AF3-22DE-4C49-8AF9-71AC668ABF1D}"
EndProject
Project("{FAE04EC0-301F-11D3-BF4B-00C04F79EFBC}") = "RobotArm.ServicesContracts", "Source\RobotArm.ServicesInterfaces\RobotArm.ServicesContracts.csproj", "{743A14BF-1E5F-46E0-80BD-52A49B57A7C5}"
EndProject
Project("{FAE04EC0-301F-11D3-BF4B-00C04F79EFBC}") = "RobotArm.UserManagementServices", "Source\RobotArm.UserManagementServices\RobotArm.UserManagementServices.csproj", "{C5CDC4E7-97C8-4D7D-A1BD-E2900B62817C}"
EndProject
Project("{FAE04EC0-301F-11D3-BF4B-00C04F79EFBC}") = "RobotArm.CommonServices", "Source\RobotArm.CommonServices\RobotArm.CommonServices.csproj", "{6C5710C1-AE9B-44D9-BEAD-31CC25765431}"
EndProject
Project("{2150E333-8FDC-42A3-9474-1A3956D46DE8}") = "Web", "Web", "{9E651041-1716-45A1-94EA-DB1789C4127F}"
EndProject
Project("{FAE04EC0-301F-11D3-BF4B-00C04F79EFBC}") = "RobotArm.WebApp", "Source\RobotArm.WebApp\RobotArm.WebApp.csproj", "{D1723915-37B4-4DA5-9EBA-9B14C1B15EDF}"
EndProject
Project("{2150E333-8FDC-42A3-9474-1A3956D46DE8}") = "Hosts", "Hosts", "{3F4CD7AB-63B4-4CD6-A878-E75A906DA0A0}"
EndProject
Project("{2150E333-8FDC-42A3-9474-1A3956D46DE8}") = "BusinessLogic", "BusinessLogic", "{B543D229-9037-40FC-BFE6-EA29B1F8DC63}"
EndProject
Project("{FAE04EC0-301F-11D3-BF4B-00C04F79EFBC}") = "RobotArm.CommonBusinessLogic", "Source\RobotArm.CommonBusinessLogic\RobotArm.CommonBusinessLogic.csproj", "{07235B63-3AEF-47BA-93E5-902406D6802E}"
EndProject
Project("{FAE04EC0-301F-11D3-BF4B-00C04F79EFBC}") = "RobotArm.UserManagementBusinessLogic", "Source\RobotArm.UserManagementBusinessLogic\RobotArm.UserManagementBusinessLogic.csproj", "{40371E0A-A6F7-480B-82EE-C83B40A76A39}"
EndProject
Project("{FAE04EC0-301F-11D3-BF4B-00C04F79EFBC}") = "RobotArm.BusinessLogicInterfaces", "Source\RobotArm.BusinessLogicInterfaces\RobotArm.BusinessLogicInterfaces.csproj", "{2ABB5C87-920A-4F1F-B7F2-7D846D1EADEB}"
EndProject
Project("{2150E333-8FDC-42A3-9474-1A3956D46DE8}") = "SelfHosting", "SelfHosting", "{7EE8C643-77B7-4C86-BB01-526BB1607846}"
EndProject
Project("{2150E333-8FDC-42A3-9474-1A3956D46DE8}") = "Common", "Common", "{F31BC937-0855-42C2-B1DC-F11DF756265E}"
EndProject
Project("{FAE04EC0-301F-11D3-BF4B-00C04F79EFBC}") = "RobotArm.WpfHostingCommon", "Hosts\RobotArm.WpfHostingCommon\RobotArm.WpfHostingCommon.csproj", "{B14E643E-6D1E-49F3-8CC0-DFB1A16192FA}"
EndProject
Project("{FAE04EC0-301F-11D3-BF4B-00C04F79EFBC}") = "RobotArm.UserManagementServicesWpfHost", "Hosts\RobotArm.UserManagementServicesWpfHost\RobotArm.UserManagementServicesWpfHost.csproj", "{BB4BE573-0720-4514-AD4D-A245E23AB3BF}"
EndProject
Project("{FAE04EC0-301F-11D3-BF4B-00C04F79EFBC}") = "RobotArm.HostingCommon", "Hosts\RobotArm.HostingCommon\RobotArm.HostingCommon.csproj", "{A75C44A9-B0A0-43F4-8385-2E0EA5A5250B}"
EndProject
Global
	GlobalSection(SolutionConfigurationPlatforms) = preSolution
		Debug|Any CPU = Debug|Any CPU
		Release|Any CPU = Release|Any CPU
	EndGlobalSection
	GlobalSection(ProjectConfigurationPlatforms) = postSolution
		{7BBB03CF-D2D6-46F6-9CE2-B13B34884D50}.Debug|Any CPU.ActiveCfg = Debug|Any CPU
		{7BBB03CF-D2D6-46F6-9CE2-B13B34884D50}.Debug|Any CPU.Build.0 = Debug|Any CPU
		{7BBB03CF-D2D6-46F6-9CE2-B13B34884D50}.Release|Any CPU.ActiveCfg = Release|Any CPU
		{7BBB03CF-D2D6-46F6-9CE2-B13B34884D50}.Release|Any CPU.Build.0 = Release|Any CPU
		{BBE3C6A7-78C1-45B7-925E-231D4C6BA63F}.Debug|Any CPU.ActiveCfg = Debug|Any CPU
		{BBE3C6A7-78C1-45B7-925E-231D4C6BA63F}.Debug|Any CPU.Build.0 = Debug|Any CPU
		{BBE3C6A7-78C1-45B7-925E-231D4C6BA63F}.Release|Any CPU.ActiveCfg = Release|Any CPU
		{BBE3C6A7-78C1-45B7-925E-231D4C6BA63F}.Release|Any CPU.Build.0 = Release|Any CPU
		{09779F70-D31B-4A7E-A81C-B4E4BA7D4730}.Debug|Any CPU.ActiveCfg = Debug|Any CPU
		{09779F70-D31B-4A7E-A81C-B4E4BA7D4730}.Debug|Any CPU.Build.0 = Debug|Any CPU
		{09779F70-D31B-4A7E-A81C-B4E4BA7D4730}.Release|Any CPU.ActiveCfg = Release|Any CPU
		{09779F70-D31B-4A7E-A81C-B4E4BA7D4730}.Release|Any CPU.Build.0 = Release|Any CPU
		{CC6EF329-1209-4979-BDDC-21EECF241B6E}.Debug|Any CPU.ActiveCfg = Debug|Any CPU
		{CC6EF329-1209-4979-BDDC-21EECF241B6E}.Debug|Any CPU.Build.0 = Debug|Any CPU
		{CC6EF329-1209-4979-BDDC-21EECF241B6E}.Release|Any CPU.ActiveCfg = Release|Any CPU
		{CC6EF329-1209-4979-BDDC-21EECF241B6E}.Release|Any CPU.Build.0 = Release|Any CPU
		{F38436E9-6E96-4E83-9F29-AF9FB5FE923C}.Debug|Any CPU.ActiveCfg = Debug|Any CPU
		{F38436E9-6E96-4E83-9F29-AF9FB5FE923C}.Debug|Any CPU.Build.0 = Debug|Any CPU
		{F38436E9-6E96-4E83-9F29-AF9FB5FE923C}.Release|Any CPU.ActiveCfg = Release|Any CPU
		{F38436E9-6E96-4E83-9F29-AF9FB5FE923C}.Release|Any CPU.Build.0 = Release|Any CPU
		{16DC322F-BCEF-44A7-AAE9-861DA121A279}.Debug|Any CPU.ActiveCfg = Debug|Any CPU
		{16DC322F-BCEF-44A7-AAE9-861DA121A279}.Debug|Any CPU.Build.0 = Debug|Any CPU
		{16DC322F-BCEF-44A7-AAE9-861DA121A279}.Release|Any CPU.ActiveCfg = Release|Any CPU
		{16DC322F-BCEF-44A7-AAE9-861DA121A279}.Release|Any CPU.Build.0 = Release|Any CPU
		{743A14BF-1E5F-46E0-80BD-52A49B57A7C5}.Debug|Any CPU.ActiveCfg = Debug|Any CPU
		{743A14BF-1E5F-46E0-80BD-52A49B57A7C5}.Debug|Any CPU.Build.0 = Debug|Any CPU
		{743A14BF-1E5F-46E0-80BD-52A49B57A7C5}.Release|Any CPU.ActiveCfg = Release|Any CPU
		{743A14BF-1E5F-46E0-80BD-52A49B57A7C5}.Release|Any CPU.Build.0 = Release|Any CPU
		{C5CDC4E7-97C8-4D7D-A1BD-E2900B62817C}.Debug|Any CPU.ActiveCfg = Debug|Any CPU
		{C5CDC4E7-97C8-4D7D-A1BD-E2900B62817C}.Debug|Any CPU.Build.0 = Debug|Any CPU
		{C5CDC4E7-97C8-4D7D-A1BD-E2900B62817C}.Release|Any CPU.ActiveCfg = Release|Any CPU
		{C5CDC4E7-97C8-4D7D-A1BD-E2900B62817C}.Release|Any CPU.Build.0 = Release|Any CPU
		{6C5710C1-AE9B-44D9-BEAD-31CC25765431}.Debug|Any CPU.ActiveCfg = Debug|Any CPU
		{6C5710C1-AE9B-44D9-BEAD-31CC25765431}.Debug|Any CPU.Build.0 = Debug|Any CPU
		{6C5710C1-AE9B-44D9-BEAD-31CC25765431}.Release|Any CPU.ActiveCfg = Release|Any CPU
		{6C5710C1-AE9B-44D9-BEAD-31CC25765431}.Release|Any CPU.Build.0 = Release|Any CPU
		{D1723915-37B4-4DA5-9EBA-9B14C1B15EDF}.Debug|Any CPU.ActiveCfg = Debug|Any CPU
		{D1723915-37B4-4DA5-9EBA-9B14C1B15EDF}.Debug|Any CPU.Build.0 = Debug|Any CPU
		{D1723915-37B4-4DA5-9EBA-9B14C1B15EDF}.Release|Any CPU.ActiveCfg = Release|Any CPU
		{D1723915-37B4-4DA5-9EBA-9B14C1B15EDF}.Release|Any CPU.Build.0 = Release|Any CPU
		{07235B63-3AEF-47BA-93E5-902406D6802E}.Debug|Any CPU.ActiveCfg = Debug|Any CPU
		{07235B63-3AEF-47BA-93E5-902406D6802E}.Debug|Any CPU.Build.0 = Debug|Any CPU
		{07235B63-3AEF-47BA-93E5-902406D6802E}.Release|Any CPU.ActiveCfg = Release|Any CPU
		{07235B63-3AEF-47BA-93E5-902406D6802E}.Release|Any CPU.Build.0 = Release|Any CPU
		{40371E0A-A6F7-480B-82EE-C83B40A76A39}.Debug|Any CPU.ActiveCfg = Debug|Any CPU
		{40371E0A-A6F7-480B-82EE-C83B40A76A39}.Debug|Any CPU.Build.0 = Debug|Any CPU
		{40371E0A-A6F7-480B-82EE-C83B40A76A39}.Release|Any CPU.ActiveCfg = Release|Any CPU
		{40371E0A-A6F7-480B-82EE-C83B40A76A39}.Release|Any CPU.Build.0 = Release|Any CPU
		{2ABB5C87-920A-4F1F-B7F2-7D846D1EADEB}.Debug|Any CPU.ActiveCfg = Debug|Any CPU
		{2ABB5C87-920A-4F1F-B7F2-7D846D1EADEB}.Debug|Any CPU.Build.0 = Debug|Any CPU
		{2ABB5C87-920A-4F1F-B7F2-7D846D1EADEB}.Release|Any CPU.ActiveCfg = Release|Any CPU
		{2ABB5C87-920A-4F1F-B7F2-7D846D1EADEB}.Release|Any CPU.Build.0 = Release|Any CPU
		{B14E643E-6D1E-49F3-8CC0-DFB1A16192FA}.Debug|Any CPU.ActiveCfg = Debug|Any CPU
		{B14E643E-6D1E-49F3-8CC0-DFB1A16192FA}.Debug|Any CPU.Build.0 = Debug|Any CPU
		{B14E643E-6D1E-49F3-8CC0-DFB1A16192FA}.Release|Any CPU.ActiveCfg = Release|Any CPU
		{B14E643E-6D1E-49F3-8CC0-DFB1A16192FA}.Release|Any CPU.Build.0 = Release|Any CPU
		{BB4BE573-0720-4514-AD4D-A245E23AB3BF}.Debug|Any CPU.ActiveCfg = Debug|Any CPU
		{BB4BE573-0720-4514-AD4D-A245E23AB3BF}.Debug|Any CPU.Build.0 = Debug|Any CPU
		{BB4BE573-0720-4514-AD4D-A245E23AB3BF}.Release|Any CPU.ActiveCfg = Release|Any CPU
		{BB4BE573-0720-4514-AD4D-A245E23AB3BF}.Release|Any CPU.Build.0 = Release|Any CPU
		{A75C44A9-B0A0-43F4-8385-2E0EA5A5250B}.Debug|Any CPU.ActiveCfg = Debug|Any CPU
		{A75C44A9-B0A0-43F4-8385-2E0EA5A5250B}.Debug|Any CPU.Build.0 = Debug|Any CPU
		{A75C44A9-B0A0-43F4-8385-2E0EA5A5250B}.Release|Any CPU.ActiveCfg = Release|Any CPU
		{A75C44A9-B0A0-43F4-8385-2E0EA5A5250B}.Release|Any CPU.Build.0 = Release|Any CPU
	EndGlobalSection
	GlobalSection(SolutionProperties) = preSolution
		HideSolutionNode = FALSE
	EndGlobalSection
	GlobalSection(NestedProjects) = preSolution
		{7BBB03CF-D2D6-46F6-9CE2-B13B34884D50} = {E49A6F02-D598-41CE-9EEB-42864E587ED3}
		{8C7979C1-4035-4530-BADC-25EB3CD76A40} = {B87785D9-89C5-438D-AF8E-078810A59B8D}
		{DC72FCE5-4A42-4EAF-83A5-BA573254DEDF} = {B87785D9-89C5-438D-AF8E-078810A59B8D}
		{BBE3C6A7-78C1-45B7-925E-231D4C6BA63F} = {DC72FCE5-4A42-4EAF-83A5-BA573254DEDF}
		{D6D43750-6B3B-48FC-BEFD-8473D5BC8A5C} = {E49A6F02-D598-41CE-9EEB-42864E587ED3}
		{09779F70-D31B-4A7E-A81C-B4E4BA7D4730} = {D6D43750-6B3B-48FC-BEFD-8473D5BC8A5C}
		{CC6EF329-1209-4979-BDDC-21EECF241B6E} = {D6D43750-6B3B-48FC-BEFD-8473D5BC8A5C}
		{F38436E9-6E96-4E83-9F29-AF9FB5FE923C} = {E49A6F02-D598-41CE-9EEB-42864E587ED3}
		{16DC322F-BCEF-44A7-AAE9-861DA121A279} = {D6D43750-6B3B-48FC-BEFD-8473D5BC8A5C}
		{47F81AF3-22DE-4C49-8AF9-71AC668ABF1D} = {E49A6F02-D598-41CE-9EEB-42864E587ED3}
		{743A14BF-1E5F-46E0-80BD-52A49B57A7C5} = {47F81AF3-22DE-4C49-8AF9-71AC668ABF1D}
		{C5CDC4E7-97C8-4D7D-A1BD-E2900B62817C} = {47F81AF3-22DE-4C49-8AF9-71AC668ABF1D}
		{6C5710C1-AE9B-44D9-BEAD-31CC25765431} = {47F81AF3-22DE-4C49-8AF9-71AC668ABF1D}
		{9E651041-1716-45A1-94EA-DB1789C4127F} = {E49A6F02-D598-41CE-9EEB-42864E587ED3}
		{D1723915-37B4-4DA5-9EBA-9B14C1B15EDF} = {9E651041-1716-45A1-94EA-DB1789C4127F}
		{B543D229-9037-40FC-BFE6-EA29B1F8DC63} = {E49A6F02-D598-41CE-9EEB-42864E587ED3}
		{07235B63-3AEF-47BA-93E5-902406D6802E} = {B543D229-9037-40FC-BFE6-EA29B1F8DC63}
		{40371E0A-A6F7-480B-82EE-C83B40A76A39} = {B543D229-9037-40FC-BFE6-EA29B1F8DC63}
		{2ABB5C87-920A-4F1F-B7F2-7D846D1EADEB} = {B543D229-9037-40FC-BFE6-EA29B1F8DC63}
		{7EE8C643-77B7-4C86-BB01-526BB1607846} = {3F4CD7AB-63B4-4CD6-A878-E75A906DA0A0}
		{F31BC937-0855-42C2-B1DC-F11DF756265E} = {3F4CD7AB-63B4-4CD6-A878-E75A906DA0A0}
		{B14E643E-6D1E-49F3-8CC0-DFB1A16192FA} = {F31BC937-0855-42C2-B1DC-F11DF756265E}
		{BB4BE573-0720-4514-AD4D-A245E23AB3BF} = {7EE8C643-77B7-4C86-BB01-526BB1607846}
		{A75C44A9-B0A0-43F4-8385-2E0EA5A5250B} = {F31BC937-0855-42C2-B1DC-F11DF756265E}
	EndGlobalSection
	GlobalSection(ExtensibilityGlobals) = postSolution
		SolutionGuid = {90EBEA61-400E-4427-B3FA-59784D4B0A68}
	EndGlobalSection
EndGlobal
